
Microsoft Visual Studio Solution File, Format Version 12.00
# Visual Studio Version 17
VisualStudioVersion = 17.0.31903.59
MinimumVisualStudioVersion = 10.0.40219.1
Project("{FAE04EC0-301F-11D3-BF4B-00C04F79EFBC}") = "Rmauro.Optimizations.ObjectMappers", "Rmauro.Optimizations.ObjectMappers\Rmauro.Optimizations.ObjectMappers.csproj", "{EF332C93-5B83-4A23-98D5-AA9120C6DAD3}"
EndProject
Project("{FAE04EC0-301F-11D3-BF4B-00C04F79EFBC}") = "Rmauro.Optimizations.ObjectMappers.Generators", "Rmauro.Optimizations.ObjectMappers.Generators\Rmauro.Optimizations.ObjectMappers.Generators.csproj", "{5F49A056-9CDB-4C4F-99F9-054A6545F3C7}"
EndProject
Project("{FAE04EC0-301F-11D3-BF4B-00C04F79EFBC}") = "Rmauro.Optimizations.ObjectMappers.Generators.Sample", "Rmauro.Optimizations.ObjectMappers.Generators.Sample\Rmauro.Optimizations.ObjectMappers.Generators.Sample.csproj", "{865F0C04-5858-4CE4-B12B-A3E241CC5D67}"
EndProject
Project("{FAE04EC0-301F-11D3-BF4B-00C04F79EFBC}") = "Rmauro.Optimizations.ObjectMappers.Benchmark", "Rmauro.Optimizations.ObjectMappers.Benchmark\Rmauro.Optimizations.ObjectMappers.Benchmark.csproj", "{6CEDE9C0-976F-4163-859A-2831B392FB39}"
EndProject
Global
	GlobalSection(SolutionConfigurationPlatforms) = preSolution
		Debug|Any CPU = Debug|Any CPU
		Release|Any CPU = Release|Any CPU
	EndGlobalSection
	GlobalSection(ProjectConfigurationPlatforms) = postSolution
		{EF332C93-5B83-4A23-98D5-AA9120C6DAD3}.Debug|Any CPU.ActiveCfg = Debug|Any CPU
		{EF332C93-5B83-4A23-98D5-AA9120C6DAD3}.Debug|Any CPU.Build.0 = Debug|Any CPU
		{EF332C93-5B83-4A23-98D5-AA9120C6DAD3}.Release|Any CPU.ActiveCfg = Release|Any CPU
		{EF332C93-5B83-4A23-98D5-AA9120C6DAD3}.Release|Any CPU.Build.0 = Release|Any CPU
		{5F49A056-9CDB-4C4F-99F9-054A6545F3C7}.Debug|Any CPU.ActiveCfg = Debug|Any CPU
		{5F49A056-9CDB-4C4F-99F9-054A6545F3C7}.Debug|Any CPU.Build.0 = Debug|Any CPU
		{5F49A056-9CDB-4C4F-99F9-054A6545F3C7}.Release|Any CPU.ActiveCfg = Release|Any CPU
		{5F49A056-9CDB-4C4F-99F9-054A6545F3C7}.Release|Any CPU.Build.0 = Release|Any CPU
		{865F0C04-5858-4CE4-B12B-A3E241CC5D67}.Debug|Any CPU.ActiveCfg = Debug|Any CPU
		{865F0C04-5858-4CE4-B12B-A3E241CC5D67}.Debug|Any CPU.Build.0 = Debug|Any CPU
		{865F0C04-5858-4CE4-B12B-A3E241CC5D67}.Release|Any CPU.ActiveCfg = Release|Any CPU
		{865F0C04-5858-4CE4-B12B-A3E241CC5D67}.Release|Any CPU.Build.0 = Release|Any CPU
		{6CEDE9C0-976F-4163-859A-2831B392FB39}.Debug|Any CPU.ActiveCfg = Debug|Any CPU
		{6CEDE9C0-976F-4163-859A-2831B392FB39}.Debug|Any CPU.Build.0 = Debug|Any CPU
		{6CEDE9C0-976F-4163-859A-2831B392FB39}.Release|Any CPU.ActiveCfg = Release|Any CPU
		{6CEDE9C0-976F-4163-859A-2831B392FB39}.Release|Any CPU.Build.0 = Release|Any CPU
	EndGlobalSection
	GlobalSection(SolutionProperties) = preSolution
		HideSolutionNode = FALSE
	EndGlobalSection
EndGlobal
